// !$*UTF8*$!
{
	archiveVersion = 1;
	classes = {
	};
	objectVersion = 48;
	objects = {

/* Begin PBXBuildFile section */
		252157E32044404E0059141A /* AppDelegate.swift in Sources */ = {isa = PBXBuildFile; fileRef = 252157E22044404E0059141A /* AppDelegate.swift */; };
		252157E52044404E0059141A /* ViewController.swift in Sources */ = {isa = PBXBuildFile; fileRef = 252157E42044404E0059141A /* ViewController.swift */; };
		252157E82044404E0059141A /* Main.storyboard in Resources */ = {isa = PBXBuildFile; fileRef = 252157E62044404E0059141A /* Main.storyboard */; };
		252157EA2044404E0059141A /* Assets.xcassets in Resources */ = {isa = PBXBuildFile; fileRef = 252157E92044404E0059141A /* Assets.xcassets */; };
		252157ED2044404E0059141A /* LaunchScreen.storyboard in Resources */ = {isa = PBXBuildFile; fileRef = 252157EB2044404E0059141A /* LaunchScreen.storyboard */; };
		252157F520444AF60059141A /* CanadaInfoTableViewCell.swift in Sources */ = {isa = PBXBuildFile; fileRef = 252157F420444AF60059141A /* CanadaInfoTableViewCell.swift */; };
		252157F820444FEE0059141A /* Constants.swift in Sources */ = {isa = PBXBuildFile; fileRef = 252157F720444FEE0059141A /* Constants.swift */; };
		252157FD204451F90059141A /* canada.swift in Sources */ = {isa = PBXBuildFile; fileRef = 252157FB204451F90059141A /* canada.swift */; };
		252157FE204451F90059141A /* Row.swift in Sources */ = {isa = PBXBuildFile; fileRef = 252157FC204451F90059141A /* Row.swift */; };
		D031B14C882C69895A4E8010 /* Pods_capgeminiTest.framework in Frameworks */ = {isa = PBXBuildFile; fileRef = 72B389F2551536B06FE20EE6 /* Pods_capgeminiTest.framework */; };
/* End PBXBuildFile section */

/* Begin PBXFileReference section */
		252157DF2044404E0059141A /* capgeminiTest.app */ = {isa = PBXFileReference; explicitFileType = wrapper.application; includeInIndex = 0; path = capgeminiTest.app; sourceTree = BUILT_PRODUCTS_DIR; };
		252157E22044404E0059141A /* AppDelegate.swift */ = {isa = PBXFileReference; lastKnownFileType = sourcecode.swift; path = AppDelegate.swift; sourceTree = "<group>"; };
		252157E42044404E0059141A /* ViewController.swift */ = {isa = PBXFileReference; lastKnownFileType = sourcecode.swift; path = ViewController.swift; sourceTree = "<group>"; };
		252157E72044404E0059141A /* Base */ = {isa = PBXFileReference; lastKnownFileType = file.storyboard; name = Base; path = Base.lproj/Main.storyboard; sourceTree = "<group>"; };
		252157E92044404E0059141A /* Assets.xcassets */ = {isa = PBXFileReference; lastKnownFileType = folder.assetcatalog; path = Assets.xcassets; sourceTree = "<group>"; };
		252157EC2044404E0059141A /* Base */ = {isa = PBXFileReference; lastKnownFileType = file.storyboard; name = Base; path = Base.lproj/LaunchScreen.storyboard; sourceTree = "<group>"; };
		252157EE2044404E0059141A /* Info.plist */ = {isa = PBXFileReference; lastKnownFileType = text.plist.xml; path = Info.plist; sourceTree = "<group>"; };
		252157F420444AF60059141A /* CanadaInfoTableViewCell.swift */ = {isa = PBXFileReference; lastKnownFileType = sourcecode.swift; path = CanadaInfoTableViewCell.swift; sourceTree = "<group>"; };
		252157F720444FEE0059141A /* Constants.swift */ = {isa = PBXFileReference; lastKnownFileType = sourcecode.swift; path = Constants.swift; sourceTree = "<group>"; };
		252157FB204451F90059141A /* canada.swift */ = {isa = PBXFileReference; fileEncoding = 4; lastKnownFileType = sourcecode.swift; path = canada.swift; sourceTree = "<group>"; };
		252157FC204451F90059141A /* Row.swift */ = {isa = PBXFileReference; fileEncoding = 4; lastKnownFileType = sourcecode.swift; path = Row.swift; sourceTree = "<group>"; };
		72B389F2551536B06FE20EE6 /* Pods_capgeminiTest.framework */ = {isa = PBXFileReference; explicitFileType = wrapper.framework; includeInIndex = 0; path = Pods_capgeminiTest.framework; sourceTree = BUILT_PRODUCTS_DIR; };
		9DE22BAE023C2FF9FA3CBA96 /* Pods-capgeminiTest.release.xcconfig */ = {isa = PBXFileReference; includeInIndex = 1; lastKnownFileType = text.xcconfig; name = "Pods-capgeminiTest.release.xcconfig"; path = "Pods/Target Support Files/Pods-capgeminiTest/Pods-capgeminiTest.release.xcconfig"; sourceTree = "<group>"; };
		E7B86A064CE84B958BBD0E6B /* Pods-capgeminiTest.debug.xcconfig */ = {isa = PBXFileReference; includeInIndex = 1; lastKnownFileType = text.xcconfig; name = "Pods-capgeminiTest.debug.xcconfig"; path = "Pods/Target Support Files/Pods-capgeminiTest/Pods-capgeminiTest.debug.xcconfig"; sourceTree = "<group>"; };
/* End PBXFileReference section */

/* Begin PBXFrameworksBuildPhase section */
		252157DC2044404E0059141A /* Frameworks */ = {
			isa = PBXFrameworksBuildPhase;
			buildActionMask = 2147483647;
			files = (
				D031B14C882C69895A4E8010 /* Pods_capgeminiTest.framework in Frameworks */,
			);
			runOnlyForDeploymentPostprocessing = 0;
		};
/* End PBXFrameworksBuildPhase section */

/* Begin PBXGroup section */
		04FF134F6E323A4C9306A60B /* Pods */ = {
			isa = PBXGroup;
			children = (
				E7B86A064CE84B958BBD0E6B /* Pods-capgeminiTest.debug.xcconfig */,
				9DE22BAE023C2FF9FA3CBA96 /* Pods-capgeminiTest.release.xcconfig */,
			);
			name = Pods;
			sourceTree = "<group>";
		};
		252157D62044404E0059141A = {
			isa = PBXGroup;
			children = (
				252157E12044404E0059141A /* capgeminiTest */,
				252157E02044404E0059141A /* Products */,
				04FF134F6E323A4C9306A60B /* Pods */,
				912FDBE862DF86694EA64F43 /* Frameworks */,
			);
			sourceTree = "<group>";
		};
		252157E02044404E0059141A /* Products */ = {
			isa = PBXGroup;
			children = (
				252157DF2044404E0059141A /* capgeminiTest.app */,
			);
			name = Products;
			sourceTree = "<group>";
		};
		252157E12044404E0059141A /* capgeminiTest */ = {
			isa = PBXGroup;
			children = (
				252157FF2044656A0059141A /* Model */,
				252157F720444FEE0059141A /* Constants.swift */,
				252157F420444AF60059141A /* CanadaInfoTableViewCell.swift */,
				252157E42044404E0059141A /* ViewController.swift */,
				252157E62044404E0059141A /* Main.storyboard */,
				252157F620444B0E0059141A /* resources */,
				252157EE2044404E0059141A /* Info.plist */,
			);
			path = capgeminiTest;
			sourceTree = "<group>";
		};
		252157F620444B0E0059141A /* resources */ = {
			isa = PBXGroup;
			children = (
				252157E22044404E0059141A /* AppDelegate.swift */,
				252157E92044404E0059141A /* Assets.xcassets */,
				252157EB2044404E0059141A /* LaunchScreen.storyboard */,
			);
			path = resources;
			sourceTree = "<group>";
		};
		252157FF2044656A0059141A /* Model */ = {
			isa = PBXGroup;
			children = (
				252157FB204451F90059141A /* canada.swift */,
				252157FC204451F90059141A /* Row.swift */,
			);
			path = Model;
			sourceTree = "<group>";
		};
		912FDBE862DF86694EA64F43 /* Frameworks */ = {
			isa = PBXGroup;
			children = (
				72B389F2551536B06FE20EE6 /* Pods_capgeminiTest.framework */,
			);
			name = Frameworks;
			sourceTree = "<group>";
		};
/* End PBXGroup section */

/* Begin PBXNativeTarget section */
		252157DE2044404E0059141A /* capgeminiTest */ = {
			isa = PBXNativeTarget;
			buildConfigurationList = 252157F12044404E0059141A /* Build configuration list for PBXNativeTarget "capgeminiTest" */;
			buildPhases = (
				E87F44A461A746DB6A580BB3 /* [CP] Check Pods Manifest.lock */,
				252157DB2044404E0059141A /* Sources */,
				252157DC2044404E0059141A /* Frameworks */,
				252157DD2044404E0059141A /* Resources */,
				858EC5EAD868A1470D0C81DE /* [CP] Embed Pods Frameworks */,
				54AF47D898287E51B90DE345 /* [CP] Copy Pods Resources */,
			);
			buildRules = (
			);
			dependencies = (
			);
			name = capgeminiTest;
			productName = capgeminiTest;
			productReference = 252157DF2044404E0059141A /* capgeminiTest.app */;
			productType = "com.apple.product-type.application";
		};
/* End PBXNativeTarget section */

/* Begin PBXProject section */
		252157D72044404E0059141A /* Project object */ = {
			isa = PBXProject;
			attributes = {
				LastSwiftUpdateCheck = 0920;
				LastUpgradeCheck = 0920;
				ORGANIZATIONNAME = "Jigar Thakkar";
				TargetAttributes = {
					252157DE2044404E0059141A = {
						CreatedOnToolsVersion = 9.2;
						ProvisioningStyle = Automatic;
					};
				};
			};
			buildConfigurationList = 252157DA2044404E0059141A /* Build configuration list for PBXProject "capgeminiTest" */;
			compatibilityVersion = "Xcode 8.0";
			developmentRegion = en;
			hasScannedForEncodings = 0;
			knownRegions = (
				en,
				Base,
			);
			mainGroup = 252157D62044404E0059141A;
			productRefGroup = 252157E02044404E0059141A /* Products */;
			projectDirPath = "";
			projectRoot = "";
			targets = (
				252157DE2044404E0059141A /* capgeminiTest */,
			);
		};
/* End PBXProject section */

/* Begin PBXResourcesBuildPhase section */
		252157DD2044404E0059141A /* Resources */ = {
			isa = PBXResourcesBuildPhase;
			buildActionMask = 2147483647;
			files = (
				252157ED2044404E0059141A /* LaunchScreen.storyboard in Resources */,
				252157EA2044404E0059141A /* Assets.xcassets in Resources */,
				252157E82044404E0059141A /* Main.storyboard in Resources */,
			);
			runOnlyForDeploymentPostprocessing = 0;
		};
/* End PBXResourcesBuildPhase section */

/* Begin PBXShellScriptBuildPhase section */
		54AF47D898287E51B90DE345 /* [CP] Copy Pods Resources */ = {
			isa = PBXShellScriptBuildPhase;
			buildActionMask = 2147483647;
			files = (
			);
			inputPaths = (
			);
			name = "[CP] Copy Pods Resources";
			outputPaths = (
			);
			runOnlyForDeploymentPostprocessing = 0;
			shellPath = /bin/sh;
			shellScript = "\"${SRCROOT}/Pods/Target Support Files/Pods-capgeminiTest/Pods-capgeminiTest-resources.sh\"\n";
			showEnvVarsInLog = 0;
		};
		858EC5EAD868A1470D0C81DE /* [CP] Embed Pods Frameworks */ = {
			isa = PBXShellScriptBuildPhase;
			buildActionMask = 2147483647;
			files = (
			);
			inputPaths = (
				"${SRCROOT}/Pods/Target Support Files/Pods-capgeminiTest/Pods-capgeminiTest-frameworks.sh",
				"${BUILT_PRODUCTS_DIR}/Alamofire/Alamofire.framework",
			);
			name = "[CP] Embed Pods Frameworks";
			outputPaths = (
				"${TARGET_BUILD_DIR}/${FRAMEWORKS_FOLDER_PATH}/Alamofire.framework",
			);
			runOnlyForDeploymentPostprocessing = 0;
			shellPath = /bin/sh;
			shellScript = "\"${SRCROOT}/Pods/Target Support Files/Pods-capgeminiTest/Pods-capgeminiTest-frameworks.sh\"\n";
			showEnvVarsInLog = 0;
		};
		E87F44A461A746DB6A580BB3 /* [CP] Check Pods Manifest.lock */ = {
			isa = PBXShellScriptBuildPhase;
			buildActionMask = 2147483647;
			files = (
			);
			inputPaths = (
				"${PODS_PODFILE_DIR_PATH}/Podfile.lock",
				"${PODS_ROOT}/Manifest.lock",
			);
			name = "[CP] Check Pods Manifest.lock";
			outputPaths = (
				"$(DERIVED_FILE_DIR)/Pods-capgeminiTest-checkManifestLockResult.txt",
			);
			runOnlyForDeploymentPostprocessing = 0;
			shellPath = /bin/sh;
			shellScript = "diff \"${PODS_PODFILE_DIR_PATH}/Podfile.lock\" \"${PODS_ROOT}/Manifest.lock\" > /dev/null\nif [ $? != 0 ] ; then\n    # print error to STDERR\n    echo \"error: The sandbox is not in sync with the Podfile.lock. Run 'pod install' or update your CocoaPods installation.\" >&2\n    exit 1\nfi\n# This output is used by Xcode 'outputs' to avoid re-running this script phase.\necho \"SUCCESS\" > \"${SCRIPT_OUTPUT_FILE_0}\"\n";
			showEnvVarsInLog = 0;
		};
/* End PBXShellScriptBuildPhase section */

/* Begin PBXSourcesBuildPhase section */
		252157DB2044404E0059141A /* Sources */ = {
			isa = PBXSourcesBuildPhase;
			buildActionMask = 2147483647;
			files = (
				252157E52044404E0059141A /* ViewController.swift in Sources */,
				252157FE204451F90059141A /* Row.swift in Sources */,
				252157E32044404E0059141A /* AppDelegate.swift in Sources */,
				252157F520444AF60059141A /* CanadaInfoTableViewCell.swift in Sources */,
				252157F820444FEE0059141A /* Constants.swift in Sources */,
				252157FD204451F90059141A /* canada.swift in Sources */,
			);
			runOnlyForDeploymentPostprocessing = 0;
		};
/* End PBXSourcesBuildPhase section */

/* Begin PBXVariantGroup section */
		252157E62044404E0059141A /* Main.storyboard */ = {
			isa = PBXVariantGroup;
			children = (
				252157E72044404E0059141A /* Base */,
			);
			name = Main.storyboard;
			sourceTree = "<group>";
		};
		252157EB2044404E0059141A /* LaunchScreen.storyboard */ = {
			isa = PBXVariantGroup;
			children = (
				252157EC2044404E0059141A /* Base */,
			);
			name = LaunchScreen.storyboard;
			sourceTree = "<group>";
		};
/* End PBXVariantGroup section */

/* Begin XCBuildConfiguration section */
		252157EF2044404E0059141A /* Debug */ = {
			isa = XCBuildConfiguration;
			buildSettings = {
				ALWAYS_SEARCH_USER_PATHS = NO;
				CLANG_ANALYZER_NONNULL = YES;
				CLANG_ANALYZER_NUMBER_OBJECT_CONVERSION = YES_AGGRESSIVE;
				CLANG_CXX_LANGUAGE_STANDARD = "gnu++14";
				CLANG_CXX_LIBRARY = "libc++";
				CLANG_ENABLE_MODULES = YES;
				CLANG_ENABLE_OBJC_ARC = YES;
				CLANG_WARN_BLOCK_CAPTURE_AUTORELEASING = YES;
				CLANG_WARN_BOOL_CONVERSION = YES;
				CLANG_WARN_COMMA = YES;
				CLANG_WARN_CONSTANT_CONVERSION = YES;
				CLANG_WARN_DIRECT_OBJC_ISA_USAGE = YES_ERROR;
				CLANG_WARN_DOCUMENTATION_COMMENTS = YES;
				CLANG_WARN_EMPTY_BODY = YES;
				CLANG_WARN_ENUM_CONVERSION = YES;
				CLANG_WARN_INFINITE_RECURSION = YES;
				CLANG_WARN_INT_CONVERSION = YES;
				CLANG_WARN_NON_LITERAL_NULL_CONVERSION = YES;
				CLANG_WARN_OBJC_LITERAL_CONVERSION = YES;
				CLANG_WARN_OBJC_ROOT_CLASS = YES_ERROR;
				CLANG_WARN_RANGE_LOOP_ANALYSIS = YES;
				CLANG_WARN_STRICT_PROTOTYPES = YES;
				CLANG_WARN_SUSPICIOUS_MOVE = YES;
				CLANG_WARN_UNGUARDED_AVAILABILITY = YES_AGGRESSIVE;
				CLANG_WARN_UNREACHABLE_CODE = YES;
				CLANG_WARN__DUPLICATE_METHOD_MATCH = YES;
				CODE_SIGN_IDENTITY = "iPhone Developer";
				COPY_PHASE_STRIP = NO;
				DEBUG_INFORMATION_FORMAT = dwarf;
				ENABLE_STRICT_OBJC_MSGSEND = YES;
				ENABLE_TESTABILITY = YES;
				GCC_C_LANGUAGE_STANDARD = gnu11;
				GCC_DYNAMIC_NO_PIC = NO;
				GCC_NO_COMMON_BLOCKS = YES;
				GCC_OPTIMIZATION_LEVEL = 0;
				GCC_PREPROCESSOR_DEFINITIONS = (
					"DEBUG=1",
					"$(inherited)",
				);
				GCC_WARN_64_TO_32_BIT_CONVERSION = YES;
				GCC_WARN_ABOUT_RETURN_TYPE = YES_ERROR;
				GCC_WARN_UNDECLARED_SELECTOR = YES;
				GCC_WARN_UNINITIALIZED_AUTOS = YES_AGGRESSIVE;
				GCC_WARN_UNUSED_FUNCTION = YES;
				GCC_WARN_UNUSED_VARIABLE = YES;
				IPHONEOS_DEPLOYMENT_TARGET = 11.2;
				MTL_ENABLE_DEBUG_INFO = YES;
				ONLY_ACTIVE_ARCH = YES;
				SDKROOT = iphoneos;
				SWIFT_ACTIVE_COMPILATION_CONDITIONS = DEBUG;
				SWIFT_OPTIMIZATION_LEVEL = "-Onone";
			};
			name = Debug;
		};
		252157F02044404E0059141A /* Release */ = {
			isa = XCBuildConfiguration;
			buildSettings = {
				ALWAYS_SEARCH_USER_PATHS = NO;
				CLANG_ANALYZER_NONNULL = YES;
				CLANG_ANALYZER_NUMBER_OBJECT_CONVERSION = YES_AGGRESSIVE;
				CLANG_CXX_LANGUAGE_STANDARD = "gnu++14";
				CLANG_CXX_LIBRARY = "libc++";
				CLANG_ENABLE_MODULES = YES;
				CLANG_ENABLE_OBJC_ARC = YES;
				CLANG_WARN_BLOCK_CAPTURE_AUTORELEASING = YES;
				CLANG_WARN_BOOL_CONVERSION = YES;
				CLANG_WARN_COMMA = YES;
				CLANG_WARN_CONSTANT_CONVERSION = YES;
				CLANG_WARN_DIRECT_OBJC_ISA_USAGE = YES_ERROR;
				CLANG_WARN_DOCUMENTATION_COMMENTS = YES;
				CLANG_WARN_EMPTY_BODY = YES;
				CLANG_WARN_ENUM_CONVERSION = YES;
				CLANG_WARN_INFINITE_RECURSION = YES;
				CLANG_WARN_INT_CONVERSION = YES;
				CLANG_WARN_NON_LITERAL_NULL_CONVERSION = YES;
				CLANG_WARN_OBJC_LITERAL_CONVERSION = YES;
				CLANG_WARN_OBJC_ROOT_CLASS = YES_ERROR;
				CLANG_WARN_RANGE_LOOP_ANALYSIS = YES;
				CLANG_WARN_STRICT_PROTOTYPES = YES;
				CLANG_WARN_SUSPICIOUS_MOVE = YES;
				CLANG_WARN_UNGUARDED_AVAILABILITY = YES_AGGRESSIVE;
				CLANG_WARN_UNREACHABLE_CODE = YES;
				CLANG_WARN__DUPLICATE_METHOD_MATCH = YES;
				CODE_SIGN_IDENTITY = "iPhone Developer";
				COPY_PHASE_STRIP = NO;
				DEBUG_INFORMATION_FORMAT = "dwarf-with-dsym";
				ENABLE_NS_ASSERTIONS = NO;
				ENABLE_STRICT_OBJC_MSGSEND = YES;
				GCC_C_LANGUAGE_STANDARD = gnu11;
				GCC_NO_COMMON_BLOCKS = YES;
				GCC_WARN_64_TO_32_BIT_CONVERSION = YES;
				GCC_WARN_ABOUT_RETURN_TYPE = YES_ERROR;
				GCC_WARN_UNDECLARED_SELECTOR = YES;
				GCC_WARN_UNINITIALIZED_AUTOS = YES_AGGRESSIVE;
				GCC_WARN_UNUSED_FUNCTION = YES;
				GCC_WARN_UNUSED_VARIABLE = YES;
				IPHONEOS_DEPLOYMENT_TARGET = 11.2;
				MTL_ENABLE_DEBUG_INFO = NO;
				SDKROOT = iphoneos;
				SWIFT_OPTIMIZATION_LEVEL = "-Owholemodule";
				VALIDATE_PRODUCT = YES;
			};
			name = Release;
		};
		252157F22044404E0059141A /* Debug */ = {
			isa = XCBuildConfiguration;
			baseConfigurationReference = E7B86A064CE84B958BBD0E6B /* Pods-capgeminiTest.debug.xcconfig */;
			buildSettings = {
				ASSETCATALOG_COMPILER_APPICON_NAME = AppIcon;
				CODE_SIGN_STYLE = Automatic;
				DEVELOPMENT_TEAM = 5UK365CPLH;
				INFOPLIST_FILE = capgeminiTest/Info.plist;
				LD_RUNPATH_SEARCH_PATHS = "$(inherited) @executable_path/Frameworks";
				PRODUCT_BUNDLE_IDENTIFIER = jigarthakkar.me.capgeminiTest;
				PRODUCT_NAME = "$(TARGET_NAME)";
				SWIFT_VERSION = 4.0;
				TARGETED_DEVICE_FAMILY = "1,2";
			};
			name = Debug;
		};
		252157F32044404E0059141A /* Release */ = {
			isa = XCBuildConfiguration;
			baseConfigurationReference = 9DE22BAE023C2FF9FA3CBA96 /* Pods-capgeminiTest.release.xcconfig */;
			buildSettings = {
				ASSETCATALOG_COMPILER_APPICON_NAME = AppIcon;
				CODE_SIGN_STYLE = Automatic;
				DEVELOPMENT_TEAM = 5UK365CPLH;
				INFOPLIST_FILE = capgeminiTest/Info.plist;
				LD_RUNPATH_SEARCH_PATHS = "$(inherited) @executable_path/Frameworks";
				PRODUCT_BUNDLE_IDENTIFIER = jigarthakkar.me.capgeminiTest;
				PRODUCT_NAME = "$(TARGET_NAME)";
				SWIFT_VERSION = 4.0;
				TARGETED_DEVICE_FAMILY = "1,2";
			};
			name = Release;
		};
/* End XCBuildConfiguration section */

/* Begin XCConfigurationList section */
		252157DA2044404E0059141A /* Build configuration list for PBXProject "capgeminiTest" */ = {
			isa = XCConfigurationList;
			buildConfigurations = (
				252157EF2044404E0059141A /* Debug */,
				252157F02044404E0059141A /* Release */,
			);
			defaultConfigurationIsVisible = 0;
			defaultConfigurationName = Release;
		};
		252157F12044404E0059141A /* Build configuration list for PBXNativeTarget "capgeminiTest" */ = {
			isa = XCConfigurationList;
			buildConfigurations = (
				252157F22044404E0059141A /* Debug */,
				252157F32044404E0059141A /* Release */,
			);
			defaultConfigurationIsVisible = 0;
			defaultConfigurationName = Release;
		};
/* End XCConfigurationList section */
	};
	rootObject = 252157D72044404E0059141A /* Project object */;
}
